
Microsoft Visual Studio Solution File, Format Version 12.00
# Visual Studio 2012
Project("{FAE04EC0-301F-11D3-BF4B-00C04F79EFBC}") = "Gumbo.Bindings", "Gumbo.Bindings\Gumbo.Bindings.csproj", "{C058BEE4-66D8-47D5-AACD-B1C1920F6881}"
EndProject
Project("{FAE04EC0-301F-11D3-BF4B-00C04F79EFBC}") = "Gumbo.Wrappers", "Gumbo.Wrappers\Gumbo.Wrappers.csproj", "{A3A35981-F371-4CCB-9E54-72EDBACC71F2}"
EndProject
Project("{FAE04EC0-301F-11D3-BF4B-00C04F79EFBC}") = "Gumbo.Wrappers.Demo", "Gumbo.Wrappers.Demo\Gumbo.Wrappers.Demo.csproj", "{F1F3F135-7C9E-4DAC-8962-D6AB38982DFE}"
EndProject
Global
	GlobalSection(SolutionConfigurationPlatforms) = preSolution
		Debug|Any CPU = Debug|Any CPU
		Release|Any CPU = Release|Any CPU
	EndGlobalSection
	GlobalSection(ProjectConfigurationPlatforms) = postSolution
		{C058BEE4-66D8-47D5-AACD-B1C1920F6881}.Debug|Any CPU.ActiveCfg = Debug|Any CPU
		{C058BEE4-66D8-47D5-AACD-B1C1920F6881}.Debug|Any CPU.Build.0 = Debug|Any CPU
		{C058BEE4-66D8-47D5-AACD-B1C1920F6881}.Release|Any CPU.ActiveCfg = Release|Any CPU
		{C058BEE4-66D8-47D5-AACD-B1C1920F6881}.Release|Any CPU.Build.0 = Release|Any CPU
		{A3A35981-F371-4CCB-9E54-72EDBACC71F2}.Debug|Any CPU.ActiveCfg = Debug|Any CPU
		{A3A35981-F371-4CCB-9E54-72EDBACC71F2}.Debug|Any CPU.Build.0 = Debug|Any CPU
		{A3A35981-F371-4CCB-9E54-72EDBACC71F2}.Release|Any CPU.ActiveCfg = Release|Any CPU
		{A3A35981-F371-4CCB-9E54-72EDBACC71F2}.Release|Any CPU.Build.0 = Release|Any CPU
		{F1F3F135-7C9E-4DAC-8962-D6AB38982DFE}.Debug|Any CPU.ActiveCfg = Debug|Any CPU
		{F1F3F135-7C9E-4DAC-8962-D6AB38982DFE}.Debug|Any CPU.Build.0 = Debug|Any CPU
		{F1F3F135-7C9E-4DAC-8962-D6AB38982DFE}.Release|Any CPU.ActiveCfg = Release|Any CPU
		{F1F3F135-7C9E-4DAC-8962-D6AB38982DFE}.Release|Any CPU.Build.0 = Release|Any CPU
	EndGlobalSection
	GlobalSection(SolutionProperties) = preSolution
		HideSolutionNode = FALSE
	EndGlobalSection
EndGlobal
