
Microsoft Visual Studio Solution File, Format Version 12.00
# Visual Studio 14
VisualStudioVersion = 14.0.24720.0
MinimumVisualStudioVersion = 10.0.40219.1
Project("{8BC9CEB8-8B4A-11D0-8D11-00A0C91BC942}") = "Gumbo", "Gumbo\Gumbo.vcxproj", "{5F8C64A0-4AAB-4E5C-BF43-520EA9E3D659}"
EndProject
Project("{FAE04EC0-301F-11D3-BF4B-00C04F79EFBC}") = "Gumbo.DefGen", "Gumbo.DefGen\Gumbo.DefGen.csproj", "{326031BB-A9DD-43E4-BBCD-2737A6DE109C}"
EndProject
Project("{8BB2217D-0F2D-49D1-97BC-3654ED321F3B}") = "Gumbo.Wrappers", "Gumbo.Wrappers\Gumbo.Wrappers.xproj", "{9913541D-E241-4519-868C-D4994B899631}"
EndProject
Project("{8BB2217D-0F2D-49D1-97BC-3654ED321F3B}") = "Gumbo.Bindings", "Gumbo.Bindings\Gumbo.Bindings.xproj", "{251F30C4-A8A2-4B6F-89D0-5F1A4C0AF4BD}"
EndProject
Project("{8BB2217D-0F2D-49D1-97BC-3654ED321F3B}") = "Gumbo.Tests", "Gumbo.Tests\Gumbo.Tests.xproj", "{623F7B46-D0D1-426E-98C8-B4F0B63E5437}"
EndProject
Global
	GlobalSection(SolutionConfigurationPlatforms) = preSolution
		Debug|Any CPU = Debug|Any CPU
		Debug|Mixed Platforms = Debug|Mixed Platforms
		Debug|Win32 = Debug|Win32
		Release|Any CPU = Release|Any CPU
		Release|Mixed Platforms = Release|Mixed Platforms
		Release|Win32 = Release|Win32
	EndGlobalSection
	GlobalSection(ProjectConfigurationPlatforms) = postSolution
		{5F8C64A0-4AAB-4E5C-BF43-520EA9E3D659}.Debug|Any CPU.ActiveCfg = Release|Win32
		{5F8C64A0-4AAB-4E5C-BF43-520EA9E3D659}.Debug|Mixed Platforms.ActiveCfg = Debug|Win32
		{5F8C64A0-4AAB-4E5C-BF43-520EA9E3D659}.Debug|Mixed Platforms.Build.0 = Debug|Win32
		{5F8C64A0-4AAB-4E5C-BF43-520EA9E3D659}.Debug|Win32.ActiveCfg = Release|Win32
		{5F8C64A0-4AAB-4E5C-BF43-520EA9E3D659}.Debug|Win32.Build.0 = Release|Win32
		{5F8C64A0-4AAB-4E5C-BF43-520EA9E3D659}.Release|Any CPU.ActiveCfg = Release|Win32
		{5F8C64A0-4AAB-4E5C-BF43-520EA9E3D659}.Release|Mixed Platforms.ActiveCfg = Release|Win32
		{5F8C64A0-4AAB-4E5C-BF43-520EA9E3D659}.Release|Mixed Platforms.Build.0 = Release|Win32
		{5F8C64A0-4AAB-4E5C-BF43-520EA9E3D659}.Release|Win32.ActiveCfg = Release|Win32
		{5F8C64A0-4AAB-4E5C-BF43-520EA9E3D659}.Release|Win32.Build.0 = Release|Win32
		{326031BB-A9DD-43E4-BBCD-2737A6DE109C}.Debug|Any CPU.ActiveCfg = Debug|Any CPU
		{326031BB-A9DD-43E4-BBCD-2737A6DE109C}.Debug|Any CPU.Build.0 = Debug|Any CPU
		{326031BB-A9DD-43E4-BBCD-2737A6DE109C}.Debug|Mixed Platforms.ActiveCfg = Debug|Any CPU
		{326031BB-A9DD-43E4-BBCD-2737A6DE109C}.Debug|Mixed Platforms.Build.0 = Debug|Any CPU
		{326031BB-A9DD-43E4-BBCD-2737A6DE109C}.Debug|Win32.ActiveCfg = Debug|Any CPU
		{326031BB-A9DD-43E4-BBCD-2737A6DE109C}.Release|Any CPU.ActiveCfg = Release|Any CPU
		{326031BB-A9DD-43E4-BBCD-2737A6DE109C}.Release|Any CPU.Build.0 = Release|Any CPU
		{326031BB-A9DD-43E4-BBCD-2737A6DE109C}.Release|Mixed Platforms.ActiveCfg = Release|Any CPU
		{326031BB-A9DD-43E4-BBCD-2737A6DE109C}.Release|Mixed Platforms.Build.0 = Release|Any CPU
		{326031BB-A9DD-43E4-BBCD-2737A6DE109C}.Release|Win32.ActiveCfg = Release|Any CPU
		{9913541D-E241-4519-868C-D4994B899631}.Debug|Any CPU.ActiveCfg = Debug|Any CPU
		{9913541D-E241-4519-868C-D4994B899631}.Debug|Any CPU.Build.0 = Debug|Any CPU
		{9913541D-E241-4519-868C-D4994B899631}.Debug|Mixed Platforms.ActiveCfg = Debug|Any CPU
		{9913541D-E241-4519-868C-D4994B899631}.Debug|Mixed Platforms.Build.0 = Debug|Any CPU
		{9913541D-E241-4519-868C-D4994B899631}.Debug|Win32.ActiveCfg = Debug|Any CPU
		{9913541D-E241-4519-868C-D4994B899631}.Debug|Win32.Build.0 = Debug|Any CPU
		{9913541D-E241-4519-868C-D4994B899631}.Release|Any CPU.ActiveCfg = Release|Any CPU
		{9913541D-E241-4519-868C-D4994B899631}.Release|Any CPU.Build.0 = Release|Any CPU
		{9913541D-E241-4519-868C-D4994B899631}.Release|Mixed Platforms.ActiveCfg = Release|Any CPU
		{9913541D-E241-4519-868C-D4994B899631}.Release|Mixed Platforms.Build.0 = Release|Any CPU
		{9913541D-E241-4519-868C-D4994B899631}.Release|Win32.ActiveCfg = Release|Any CPU
		{9913541D-E241-4519-868C-D4994B899631}.Release|Win32.Build.0 = Release|Any CPU
		{251F30C4-A8A2-4B6F-89D0-5F1A4C0AF4BD}.Debug|Any CPU.ActiveCfg = Debug|Any CPU
		{251F30C4-A8A2-4B6F-89D0-5F1A4C0AF4BD}.Debug|Any CPU.Build.0 = Debug|Any CPU
		{251F30C4-A8A2-4B6F-89D0-5F1A4C0AF4BD}.Debug|Mixed Platforms.ActiveCfg = Debug|Any CPU
		{251F30C4-A8A2-4B6F-89D0-5F1A4C0AF4BD}.Debug|Mixed Platforms.Build.0 = Debug|Any CPU
		{251F30C4-A8A2-4B6F-89D0-5F1A4C0AF4BD}.Debug|Win32.ActiveCfg = Debug|Any CPU
		{251F30C4-A8A2-4B6F-89D0-5F1A4C0AF4BD}.Debug|Win32.Build.0 = Debug|Any CPU
		{251F30C4-A8A2-4B6F-89D0-5F1A4C0AF4BD}.Release|Any CPU.ActiveCfg = Release|Any CPU
		{251F30C4-A8A2-4B6F-89D0-5F1A4C0AF4BD}.Release|Any CPU.Build.0 = Release|Any CPU
		{251F30C4-A8A2-4B6F-89D0-5F1A4C0AF4BD}.Release|Mixed Platforms.ActiveCfg = Release|Any CPU
		{251F30C4-A8A2-4B6F-89D0-5F1A4C0AF4BD}.Release|Mixed Platforms.Build.0 = Release|Any CPU
		{251F30C4-A8A2-4B6F-89D0-5F1A4C0AF4BD}.Release|Win32.ActiveCfg = Release|Any CPU
		{251F30C4-A8A2-4B6F-89D0-5F1A4C0AF4BD}.Release|Win32.Build.0 = Release|Any CPU
		{623F7B46-D0D1-426E-98C8-B4F0B63E5437}.Debug|Any CPU.ActiveCfg = Debug|Any CPU
		{623F7B46-D0D1-426E-98C8-B4F0B63E5437}.Debug|Any CPU.Build.0 = Debug|Any CPU
		{623F7B46-D0D1-426E-98C8-B4F0B63E5437}.Debug|Mixed Platforms.ActiveCfg = Debug|Any CPU
		{623F7B46-D0D1-426E-98C8-B4F0B63E5437}.Debug|Mixed Platforms.Build.0 = Debug|Any CPU
		{623F7B46-D0D1-426E-98C8-B4F0B63E5437}.Debug|Win32.ActiveCfg = Debug|Any CPU
		{623F7B46-D0D1-426E-98C8-B4F0B63E5437}.Debug|Win32.Build.0 = Debug|Any CPU
		{623F7B46-D0D1-426E-98C8-B4F0B63E5437}.Release|Any CPU.ActiveCfg = Release|Any CPU
		{623F7B46-D0D1-426E-98C8-B4F0B63E5437}.Release|Any CPU.Build.0 = Release|Any CPU
		{623F7B46-D0D1-426E-98C8-B4F0B63E5437}.Release|Mixed Platforms.ActiveCfg = Release|Any CPU
		{623F7B46-D0D1-426E-98C8-B4F0B63E5437}.Release|Mixed Platforms.Build.0 = Release|Any CPU
		{623F7B46-D0D1-426E-98C8-B4F0B63E5437}.Release|Win32.ActiveCfg = Release|Any CPU
		{623F7B46-D0D1-426E-98C8-B4F0B63E5437}.Release|Win32.Build.0 = Release|Any CPU
	EndGlobalSection
	GlobalSection(SolutionProperties) = preSolution
		HideSolutionNode = FALSE
	EndGlobalSection
EndGlobal
